// !$*UTF8*$!
{
	archiveVersion = 1;
	classes = {
	};
	objectVersion = 56;
	objects = {

/* Begin PBXBuildFile section */
		9F39D87A2B2D634F00069420 /* ImagePickerWindow.swift in Sources */ = {isa = PBXBuildFile; fileRef = 9F39D8792B2D634F00069420 /* ImagePickerWindow.swift */; };
		9F56B0652B2BAFF300929199 /* InventoryItem.swift in Sources */ = {isa = PBXBuildFile; fileRef = 9F56B0642B2BAFF300929199 /* InventoryItem.swift */; };
		9F56B0692B2BB36E00929199 /* HouseListView.swift in Sources */ = {isa = PBXBuildFile; fileRef = 9F56B0682B2BB36E00929199 /* HouseListView.swift */; };
		9F56B06B2B2BBFD400929199 /* House.swift in Sources */ = {isa = PBXBuildFile; fileRef = 9F56B06A2B2BBFD400929199 /* House.swift */; };
		9F56B06D2B2BC11200929199 /* HouseView.swift in Sources */ = {isa = PBXBuildFile; fileRef = 9F56B06C2B2BC11200929199 /* HouseView.swift */; };
		9FA4D73E2A0AFBD4004E284D /* InventoryApp.swift in Sources */ = {isa = PBXBuildFile; fileRef = 9FA4D73D2A0AFBD4004E284D /* InventoryApp.swift */; };
		9FA4D7402A0AFBD4004E284D /* ContentView.swift in Sources */ = {isa = PBXBuildFile; fileRef = 9FA4D73F2A0AFBD4004E284D /* ContentView.swift */; };
		9FA4D7422A0AFBD5004E284D /* Assets.xcassets in Resources */ = {isa = PBXBuildFile; fileRef = 9FA4D7412A0AFBD5004E284D /* Assets.xcassets */; };
		9FA4D7452A0AFBD5004E284D /* Preview Assets.xcassets in Resources */ = {isa = PBXBuildFile; fileRef = 9FA4D7442A0AFBD5004E284D /* Preview Assets.xcassets */; };
		9FA4D7552A0B0022004E284D /* ItemView.swift in Sources */ = {isa = PBXBuildFile; fileRef = 9FA4D7542A0B0022004E284D /* ItemView.swift */; };
		9FA4D7582A0B078B004E284D /* SymbolPicker in Frameworks */ = {isa = PBXBuildFile; productRef = 9FA4D7572A0B078B004E284D /* SymbolPicker */; };
/* End PBXBuildFile section */

/* Begin PBXFileReference section */
		9F39D8792B2D634F00069420 /* ImagePickerWindow.swift */ = {isa = PBXFileReference; lastKnownFileType = sourcecode.swift; path = ImagePickerWindow.swift; sourceTree = "<group>"; };
		9F56B0642B2BAFF300929199 /* InventoryItem.swift */ = {isa = PBXFileReference; lastKnownFileType = sourcecode.swift; path = InventoryItem.swift; sourceTree = "<group>"; };
		9F56B0682B2BB36E00929199 /* HouseListView.swift */ = {isa = PBXFileReference; lastKnownFileType = sourcecode.swift; path = HouseListView.swift; sourceTree = "<group>"; };
		9F56B06A2B2BBFD400929199 /* House.swift */ = {isa = PBXFileReference; lastKnownFileType = sourcecode.swift; path = House.swift; sourceTree = "<group>"; };
		9F56B06C2B2BC11200929199 /* HouseView.swift */ = {isa = PBXFileReference; lastKnownFileType = sourcecode.swift; path = HouseView.swift; sourceTree = "<group>"; };
		9FA4D73A2A0AFBD4004E284D /* Inventory.app */ = {isa = PBXFileReference; explicitFileType = wrapper.application; includeInIndex = 0; path = Inventory.app; sourceTree = BUILT_PRODUCTS_DIR; };
		9FA4D73D2A0AFBD4004E284D /* InventoryApp.swift */ = {isa = PBXFileReference; lastKnownFileType = sourcecode.swift; path = InventoryApp.swift; sourceTree = "<group>"; };
		9FA4D73F2A0AFBD4004E284D /* ContentView.swift */ = {isa = PBXFileReference; lastKnownFileType = sourcecode.swift; path = ContentView.swift; sourceTree = "<group>"; };
		9FA4D7412A0AFBD5004E284D /* Assets.xcassets */ = {isa = PBXFileReference; lastKnownFileType = folder.assetcatalog; path = Assets.xcassets; sourceTree = "<group>"; };
		9FA4D7442A0AFBD5004E284D /* Preview Assets.xcassets */ = {isa = PBXFileReference; lastKnownFileType = folder.assetcatalog; path = "Preview Assets.xcassets"; sourceTree = "<group>"; };
		9FA4D7542A0B0022004E284D /* ItemView.swift */ = {isa = PBXFileReference; lastKnownFileType = sourcecode.swift; path = ItemView.swift; sourceTree = "<group>"; };
/* End PBXFileReference section */

/* Begin PBXFrameworksBuildPhase section */
		9FA4D7372A0AFBD4004E284D /* Frameworks */ = {
			isa = PBXFrameworksBuildPhase;
			buildActionMask = 2147483647;
			files = (
				9FA4D7582A0B078B004E284D /* SymbolPicker in Frameworks */,
			);
			runOnlyForDeploymentPostprocessing = 0;
		};
/* End PBXFrameworksBuildPhase section */

/* Begin PBXGroup section */
		9FA4D7312A0AFBD4004E284D = {
			isa = PBXGroup;
			children = (
				9FA4D73C2A0AFBD4004E284D /* Inventory */,
				9FA4D73B2A0AFBD4004E284D /* Products */,
			);
			sourceTree = "<group>";
		};
		9FA4D73B2A0AFBD4004E284D /* Products */ = {
			isa = PBXGroup;
			children = (
				9FA4D73A2A0AFBD4004E284D /* Inventory.app */,
			);
			name = Products;
			sourceTree = "<group>";
		};
		9FA4D73C2A0AFBD4004E284D /* Inventory */ = {
			isa = PBXGroup;
			children = (
				9FA4D73D2A0AFBD4004E284D /* InventoryApp.swift */,
				9FA4D7542A0B0022004E284D /* ItemView.swift */,
				9F56B0642B2BAFF300929199 /* InventoryItem.swift */,
				9FA4D73F2A0AFBD4004E284D /* ContentView.swift */,
				9F56B06A2B2BBFD400929199 /* House.swift */,
				9F56B0682B2BB36E00929199 /* HouseListView.swift */,
				9F56B06C2B2BC11200929199 /* HouseView.swift */,
				9F39D8792B2D634F00069420 /* ImagePickerWindow.swift */,
				9FA4D7412A0AFBD5004E284D /* Assets.xcassets */,
				9FA4D7432A0AFBD5004E284D /* Preview Content */,
			);
			path = Inventory;
			sourceTree = "<group>";
		};
		9FA4D7432A0AFBD5004E284D /* Preview Content */ = {
			isa = PBXGroup;
			children = (
				9FA4D7442A0AFBD5004E284D /* Preview Assets.xcassets */,
			);
			path = "Preview Content";
			sourceTree = "<group>";
		};
/* End PBXGroup section */

/* Begin PBXNativeTarget section */
		9FA4D7392A0AFBD4004E284D /* Inventory */ = {
			isa = PBXNativeTarget;
			buildConfigurationList = 9FA4D7482A0AFBD5004E284D /* Build configuration list for PBXNativeTarget "Inventory" */;
			buildPhases = (
				9FA4D7362A0AFBD4004E284D /* Sources */,
				9FA4D7372A0AFBD4004E284D /* Frameworks */,
				9FA4D7382A0AFBD4004E284D /* Resources */,
			);
			buildRules = (
			);
			dependencies = (
			);
			name = Inventory;
			packageProductDependencies = (
				9FA4D7572A0B078B004E284D /* SymbolPicker */,
			);
			productName = Inventory;
			productReference = 9FA4D73A2A0AFBD4004E284D /* Inventory.app */;
			productType = "com.apple.product-type.application";
		};
/* End PBXNativeTarget section */

/* Begin PBXProject section */
		9FA4D7322A0AFBD4004E284D /* Project object */ = {
			isa = PBXProject;
			attributes = {
				BuildIndependentTargetsInParallel = 1;
				LastSwiftUpdateCheck = 1430;
				LastUpgradeCheck = 1510;
				TargetAttributes = {
					9FA4D7392A0AFBD4004E284D = {
						CreatedOnToolsVersion = 14.3;
					};
				};
			};
			buildConfigurationList = 9FA4D7352A0AFBD4004E284D /* Build configuration list for PBXProject "Inventory" */;
			compatibilityVersion = "Xcode 14.0";
			developmentRegion = en;
			hasScannedForEncodings = 0;
			knownRegions = (
				en,
				Base,
			);
			mainGroup = 9FA4D7312A0AFBD4004E284D;
			packageReferences = (
				9FA4D7562A0B078B004E284D /* XCRemoteSwiftPackageReference "SymbolPicker" */,
			);
			productRefGroup = 9FA4D73B2A0AFBD4004E284D /* Products */;
			projectDirPath = "";
			projectRoot = "";
			targets = (
				9FA4D7392A0AFBD4004E284D /* Inventory */,
			);
		};
/* End PBXProject section */

/* Begin PBXResourcesBuildPhase section */
		9FA4D7382A0AFBD4004E284D /* Resources */ = {
			isa = PBXResourcesBuildPhase;
			buildActionMask = 2147483647;
			files = (
				9FA4D7452A0AFBD5004E284D /* Preview Assets.xcassets in Resources */,
				9FA4D7422A0AFBD5004E284D /* Assets.xcassets in Resources */,
			);
			runOnlyForDeploymentPostprocessing = 0;
		};
/* End PBXResourcesBuildPhase section */

/* Begin PBXSourcesBuildPhase section */
		9FA4D7362A0AFBD4004E284D /* Sources */ = {
			isa = PBXSourcesBuildPhase;
			buildActionMask = 2147483647;
			files = (
				9F56B06D2B2BC11200929199 /* HouseView.swift in Sources */,
				9F56B0652B2BAFF300929199 /* InventoryItem.swift in Sources */,
				9FA4D7402A0AFBD4004E284D /* ContentView.swift in Sources */,
				9FA4D7552A0B0022004E284D /* ItemView.swift in Sources */,
				9F39D87A2B2D634F00069420 /* ImagePickerWindow.swift in Sources */,
				9FA4D73E2A0AFBD4004E284D /* InventoryApp.swift in Sources */,
				9F56B06B2B2BBFD400929199 /* House.swift in Sources */,
				9F56B0692B2BB36E00929199 /* HouseListView.swift in Sources */,
			);
			runOnlyForDeploymentPostprocessing = 0;
		};
/* End PBXSourcesBuildPhase section */

/* Begin XCBuildConfiguration section */
		9FA4D7462A0AFBD5004E284D /* Debug */ = {
			isa = XCBuildConfiguration;
			buildSettings = {
				ALWAYS_SEARCH_USER_PATHS = NO;
				CLANG_ANALYZER_NONNULL = YES;
				CLANG_ANALYZER_NUMBER_OBJECT_CONVERSION = YES_AGGRESSIVE;
				CLANG_CXX_LANGUAGE_STANDARD = "gnu++20";
				CLANG_ENABLE_MODULES = YES;
				CLANG_ENABLE_OBJC_ARC = YES;
				CLANG_ENABLE_OBJC_WEAK = YES;
				CLANG_WARN_BLOCK_CAPTURE_AUTORELEASING = YES;
				CLANG_WARN_BOOL_CONVERSION = YES;
				CLANG_WARN_COMMA = YES;
				CLANG_WARN_CONSTANT_CONVERSION = YES;
				CLANG_WARN_DEPRECATED_OBJC_IMPLEMENTATIONS = YES;
				CLANG_WARN_DIRECT_OBJC_ISA_USAGE = YES_ERROR;
				CLANG_WARN_DOCUMENTATION_COMMENTS = YES;
				CLANG_WARN_EMPTY_BODY = YES;
				CLANG_WARN_ENUM_CONVERSION = YES;
				CLANG_WARN_INFINITE_RECURSION = YES;
				CLANG_WARN_INT_CONVERSION = YES;
				CLANG_WARN_NON_LITERAL_NULL_CONVERSION = YES;
				CLANG_WARN_OBJC_IMPLICIT_RETAIN_SELF = YES;
				CLANG_WARN_OBJC_LITERAL_CONVERSION = YES;
				CLANG_WARN_OBJC_ROOT_CLASS = YES_ERROR;
				CLANG_WARN_QUOTED_INCLUDE_IN_FRAMEWORK_HEADER = YES;
				CLANG_WARN_RANGE_LOOP_ANALYSIS = YES;
				CLANG_WARN_STRICT_PROTOTYPES = YES;
				CLANG_WARN_SUSPICIOUS_MOVE = YES;
				CLANG_WARN_UNGUARDED_AVAILABILITY = YES_AGGRESSIVE;
				CLANG_WARN_UNREACHABLE_CODE = YES;
				CLANG_WARN__DUPLICATE_METHOD_MATCH = YES;
				COPY_PHASE_STRIP = NO;
				DEBUG_INFORMATION_FORMAT = dwarf;
				ENABLE_STRICT_OBJC_MSGSEND = YES;
				ENABLE_TESTABILITY = YES;
				ENABLE_USER_SCRIPT_SANDBOXING = YES;
				GCC_C_LANGUAGE_STANDARD = gnu11;
				GCC_DYNAMIC_NO_PIC = NO;
				GCC_NO_COMMON_BLOCKS = YES;
				GCC_OPTIMIZATION_LEVEL = 0;
				GCC_PREPROCESSOR_DEFINITIONS = (
					"DEBUG=1",
					"$(inherited)",
				);
				GCC_WARN_64_TO_32_BIT_CONVERSION = YES;
				GCC_WARN_ABOUT_RETURN_TYPE = YES_ERROR;
				GCC_WARN_UNDECLARED_SELECTOR = YES;
				GCC_WARN_UNINITIALIZED_AUTOS = YES_AGGRESSIVE;
				GCC_WARN_UNUSED_FUNCTION = YES;
				GCC_WARN_UNUSED_VARIABLE = YES;
				IPHONEOS_DEPLOYMENT_TARGET = 17.2;
				MTL_ENABLE_DEBUG_INFO = INCLUDE_SOURCE;
				MTL_FAST_MATH = YES;
				ONLY_ACTIVE_ARCH = YES;
				SDKROOT = iphoneos;
				SWIFT_ACTIVE_COMPILATION_CONDITIONS = DEBUG;
				SWIFT_OPTIMIZATION_LEVEL = "-Onone";
			};
			name = Debug;
		};
		9FA4D7472A0AFBD5004E284D /* Release */ = {
			isa = XCBuildConfiguration;
			buildSettings = {
				ALWAYS_SEARCH_USER_PATHS = NO;
				CLANG_ANALYZER_NONNULL = YES;
				CLANG_ANALYZER_NUMBER_OBJECT_CONVERSION = YES_AGGRESSIVE;
				CLANG_CXX_LANGUAGE_STANDARD = "gnu++20";
				CLANG_ENABLE_MODULES = YES;
				CLANG_ENABLE_OBJC_ARC = YES;
				CLANG_ENABLE_OBJC_WEAK = YES;
				CLANG_WARN_BLOCK_CAPTURE_AUTORELEASING = YES;
				CLANG_WARN_BOOL_CONVERSION = YES;
				CLANG_WARN_COMMA = YES;
				CLANG_WARN_CONSTANT_CONVERSION = YES;
				CLANG_WARN_DEPRECATED_OBJC_IMPLEMENTATIONS = YES;
				CLANG_WARN_DIRECT_OBJC_ISA_USAGE = YES_ERROR;
				CLANG_WARN_DOCUMENTATION_COMMENTS = YES;
				CLANG_WARN_EMPTY_BODY = YES;
				CLANG_WARN_ENUM_CONVERSION = YES;
				CLANG_WARN_INFINITE_RECURSION = YES;
				CLANG_WARN_INT_CONVERSION = YES;
				CLANG_WARN_NON_LITERAL_NULL_CONVERSION = YES;
				CLANG_WARN_OBJC_IMPLICIT_RETAIN_SELF = YES;
				CLANG_WARN_OBJC_LITERAL_CONVERSION = YES;
				CLANG_WARN_OBJC_ROOT_CLASS = YES_ERROR;
				CLANG_WARN_QUOTED_INCLUDE_IN_FRAMEWORK_HEADER = YES;
				CLANG_WARN_RANGE_LOOP_ANALYSIS = YES;
				CLANG_WARN_STRICT_PROTOTYPES = YES;
				CLANG_WARN_SUSPICIOUS_MOVE = YES;
				CLANG_WARN_UNGUARDED_AVAILABILITY = YES_AGGRESSIVE;
				CLANG_WARN_UNREACHABLE_CODE = YES;
				CLANG_WARN__DUPLICATE_METHOD_MATCH = YES;
				COPY_PHASE_STRIP = NO;
				DEBUG_INFORMATION_FORMAT = "dwarf-with-dsym";
				ENABLE_NS_ASSERTIONS = NO;
				ENABLE_STRICT_OBJC_MSGSEND = YES;
				ENABLE_USER_SCRIPT_SANDBOXING = YES;
				GCC_C_LANGUAGE_STANDARD = gnu11;
				GCC_NO_COMMON_BLOCKS = YES;
				GCC_WARN_64_TO_32_BIT_CONVERSION = YES;
				GCC_WARN_ABOUT_RETURN_TYPE = YES_ERROR;
				GCC_WARN_UNDECLARED_SELECTOR = YES;
				GCC_WARN_UNINITIALIZED_AUTOS = YES_AGGRESSIVE;
				GCC_WARN_UNUSED_FUNCTION = YES;
				GCC_WARN_UNUSED_VARIABLE = YES;
				IPHONEOS_DEPLOYMENT_TARGET = 17.2;
				MTL_ENABLE_DEBUG_INFO = NO;
				MTL_FAST_MATH = YES;
				SDKROOT = iphoneos;
				SWIFT_COMPILATION_MODE = wholemodule;
				SWIFT_OPTIMIZATION_LEVEL = "-O";
				VALIDATE_PRODUCT = YES;
			};
			name = Release;
		};
		9FA4D7492A0AFBD5004E284D /* Debug */ = {
			isa = XCBuildConfiguration;
			buildSettings = {
				ASSETCATALOG_COMPILER_APPICON_NAME = AppIcon;
				ASSETCATALOG_COMPILER_GLOBAL_ACCENT_COLOR_NAME = AccentColor;
				CODE_SIGN_STYLE = Automatic;
				CURRENT_PROJECT_VERSION = 1;
				DEVELOPMENT_ASSET_PATHS = "\"Inventory/Preview Content\"";
				DEVELOPMENT_TEAM = 6HFQ8N48ZH;
				ENABLE_PREVIEWS = YES;
				GENERATE_INFOPLIST_FILE = YES;
				INFOPLIST_KEY_NSCameraUsageDescription = "Take photos to save";
				INFOPLIST_KEY_UIApplicationSceneManifest_Generation = YES;
				INFOPLIST_KEY_UIApplicationSupportsIndirectInputEvents = YES;
				INFOPLIST_KEY_UILaunchScreen_Generation = YES;
				INFOPLIST_KEY_UISupportedInterfaceOrientations_iPad = "UIInterfaceOrientationPortrait UIInterfaceOrientationPortraitUpsideDown UIInterfaceOrientationLandscapeLeft UIInterfaceOrientationLandscapeRight";
				INFOPLIST_KEY_UISupportedInterfaceOrientations_iPhone = "UIInterfaceOrientationPortrait UIInterfaceOrientationLandscapeLeft UIInterfaceOrientationLandscapeRight";
				LD_RUNPATH_SEARCH_PATHS = (
					"$(inherited)",
					"@executable_path/Frameworks",
				);
				MARKETING_VERSION = 1.0;
				PRODUCT_BUNDLE_IDENTIFIER = dev.smay.Inventory;
				PRODUCT_NAME = "$(TARGET_NAME)";
				SWIFT_EMIT_LOC_STRINGS = YES;
				SWIFT_VERSION = 5.0;
				TARGETED_DEVICE_FAMILY = "1,2";
			};
			name = Debug;
		};
		9FA4D74A2A0AFBD5004E284D /* Release */ = {
			isa = XCBuildConfiguration;
			buildSettings = {
				ASSETCATALOG_COMPILER_APPICON_NAME = AppIcon;
				ASSETCATALOG_COMPILER_GLOBAL_ACCENT_COLOR_NAME = AccentColor;
				CODE_SIGN_STYLE = Automatic;
				CURRENT_PROJECT_VERSION = 1;
				DEVELOPMENT_ASSET_PATHS = "\"Inventory/Preview Content\"";
				DEVELOPMENT_TEAM = 6HFQ8N48ZH;
				ENABLE_PREVIEWS = YES;
				GENERATE_INFOPLIST_FILE = YES;
				INFOPLIST_KEY_NSCameraUsageDescription = "Take photos to save";
				INFOPLIST_KEY_UIApplicationSceneManifest_Generation = YES;
				INFOPLIST_KEY_UIApplicationSupportsIndirectInputEvents = YES;
				INFOPLIST_KEY_UILaunchScreen_Generation = YES;
				INFOPLIST_KEY_UISupportedInterfaceOrientations_iPad = "UIInterfaceOrientationPortrait UIInterfaceOrientationPortraitUpsideDown UIInterfaceOrientationLandscapeLeft UIInterfaceOrientationLandscapeRight";
				INFOPLIST_KEY_UISupportedInterfaceOrientations_iPhone = "UIInterfaceOrientationPortrait UIInterfaceOrientationLandscapeLeft UIInterfaceOrientationLandscapeRight";
				LD_RUNPATH_SEARCH_PATHS = (
					"$(inherited)",
					"@executable_path/Frameworks",
				);
				MARKETING_VERSION = 1.0;
				PRODUCT_BUNDLE_IDENTIFIER = dev.smay.Inventory;
				PRODUCT_NAME = "$(TARGET_NAME)";
				SWIFT_EMIT_LOC_STRINGS = YES;
				SWIFT_VERSION = 5.0;
				TARGETED_DEVICE_FAMILY = "1,2";
			};
			name = Release;
		};
/* End XCBuildConfiguration section */

/* Begin XCConfigurationList section */
		9FA4D7352A0AFBD4004E284D /* Build configuration list for PBXProject "Inventory" */ = {
			isa = XCConfigurationList;
			buildConfigurations = (
				9FA4D7462A0AFBD5004E284D /* Debug */,
				9FA4D7472A0AFBD5004E284D /* Release */,
			);
			defaultConfigurationIsVisible = 0;
			defaultConfigurationName = Release;
		};
		9FA4D7482A0AFBD5004E284D /* Build configuration list for PBXNativeTarget "Inventory" */ = {
			isa = XCConfigurationList;
			buildConfigurations = (
				9FA4D7492A0AFBD5004E284D /* Debug */,
				9FA4D74A2A0AFBD5004E284D /* Release */,
			);
			defaultConfigurationIsVisible = 0;
			defaultConfigurationName = Release;
		};
/* End XCConfigurationList section */

/* Begin XCRemoteSwiftPackageReference section */
		9FA4D7562A0B078B004E284D /* XCRemoteSwiftPackageReference "SymbolPicker" */ = {
			isa = XCRemoteSwiftPackageReference;
			repositoryURL = "https://github.com/xnth97/SymbolPicker?ref=iosexample.com";
			requirement = {
				kind = upToNextMajorVersion;
				minimumVersion = 1.0.0;
			};
		};
/* End XCRemoteSwiftPackageReference section */

/* Begin XCSwiftPackageProductDependency section */
		9FA4D7572A0B078B004E284D /* SymbolPicker */ = {
			isa = XCSwiftPackageProductDependency;
			package = 9FA4D7562A0B078B004E284D /* XCRemoteSwiftPackageReference "SymbolPicker" */;
			productName = SymbolPicker;
		};
/* End XCSwiftPackageProductDependency section */
	};
	rootObject = 9FA4D7322A0AFBD4004E284D /* Project object */;
}
